
Microsoft Visual Studio Solution File, Format Version 12.00
# Visual Studio Version 16
VisualStudioVersion = 16.6.30114.105
MinimumVisualStudioVersion = 10.0.40219.1
Project("{FAE04EC0-301F-11D3-BF4B-00C04F79EFBC}") = "application", "Api.Application\application.csproj", "{CFBAAB9C-C422-48BC-A243-C318FD70D770}"
EndProject
Project("{FAE04EC0-301F-11D3-BF4B-00C04F79EFBC}") = "Domain", "Api.Domain\Domain.csproj", "{978BCB5A-7955-4055-9336-42795B2174B2}"
EndProject
Project("{FAE04EC0-301F-11D3-BF4B-00C04F79EFBC}") = "CrossCutting", "Api.CrossCutting\CrossCutting.csproj", "{D51F2DDE-9957-4A8F-9662-0861EC6B94AD}"
EndProject
Project("{FAE04EC0-301F-11D3-BF4B-00C04F79EFBC}") = "Data", "Api.Data\Data.csproj", "{1283E807-1027-40D1-9F88-90F62B98E9EF}"
EndProject
Project("{FAE04EC0-301F-11D3-BF4B-00C04F79EFBC}") = "Service", "Api.Service\Service.csproj", "{A85DA05E-D366-46AB-9871-DED7D45195C6}"
EndProject
Global
	GlobalSection(SolutionConfigurationPlatforms) = preSolution
		Debug|Any CPU = Debug|Any CPU
		Debug|x64 = Debug|x64
		Debug|x86 = Debug|x86
		Release|Any CPU = Release|Any CPU
		Release|x64 = Release|x64
		Release|x86 = Release|x86
	EndGlobalSection
	GlobalSection(SolutionProperties) = preSolution
		HideSolutionNode = FALSE
	EndGlobalSection
	GlobalSection(ProjectConfigurationPlatforms) = postSolution
		{CFBAAB9C-C422-48BC-A243-C318FD70D770}.Debug|Any CPU.ActiveCfg = Debug|Any CPU
		{CFBAAB9C-C422-48BC-A243-C318FD70D770}.Debug|Any CPU.Build.0 = Debug|Any CPU
		{CFBAAB9C-C422-48BC-A243-C318FD70D770}.Debug|x64.ActiveCfg = Debug|Any CPU
		{CFBAAB9C-C422-48BC-A243-C318FD70D770}.Debug|x64.Build.0 = Debug|Any CPU
		{CFBAAB9C-C422-48BC-A243-C318FD70D770}.Debug|x86.ActiveCfg = Debug|Any CPU
		{CFBAAB9C-C422-48BC-A243-C318FD70D770}.Debug|x86.Build.0 = Debug|Any CPU
		{CFBAAB9C-C422-48BC-A243-C318FD70D770}.Release|Any CPU.ActiveCfg = Release|Any CPU
		{CFBAAB9C-C422-48BC-A243-C318FD70D770}.Release|Any CPU.Build.0 = Release|Any CPU
		{CFBAAB9C-C422-48BC-A243-C318FD70D770}.Release|x64.ActiveCfg = Release|Any CPU
		{CFBAAB9C-C422-48BC-A243-C318FD70D770}.Release|x64.Build.0 = Release|Any CPU
		{CFBAAB9C-C422-48BC-A243-C318FD70D770}.Release|x86.ActiveCfg = Release|Any CPU
		{CFBAAB9C-C422-48BC-A243-C318FD70D770}.Release|x86.Build.0 = Release|Any CPU
		{978BCB5A-7955-4055-9336-42795B2174B2}.Debug|Any CPU.ActiveCfg = Debug|Any CPU
		{978BCB5A-7955-4055-9336-42795B2174B2}.Debug|Any CPU.Build.0 = Debug|Any CPU
		{978BCB5A-7955-4055-9336-42795B2174B2}.Debug|x64.ActiveCfg = Debug|Any CPU
		{978BCB5A-7955-4055-9336-42795B2174B2}.Debug|x64.Build.0 = Debug|Any CPU
		{978BCB5A-7955-4055-9336-42795B2174B2}.Debug|x86.ActiveCfg = Debug|Any CPU
		{978BCB5A-7955-4055-9336-42795B2174B2}.Debug|x86.Build.0 = Debug|Any CPU
		{978BCB5A-7955-4055-9336-42795B2174B2}.Release|Any CPU.ActiveCfg = Release|Any CPU
		{978BCB5A-7955-4055-9336-42795B2174B2}.Release|Any CPU.Build.0 = Release|Any CPU
		{978BCB5A-7955-4055-9336-42795B2174B2}.Release|x64.ActiveCfg = Release|Any CPU
		{978BCB5A-7955-4055-9336-42795B2174B2}.Release|x64.Build.0 = Release|Any CPU
		{978BCB5A-7955-4055-9336-42795B2174B2}.Release|x86.ActiveCfg = Release|Any CPU
		{978BCB5A-7955-4055-9336-42795B2174B2}.Release|x86.Build.0 = Release|Any CPU
		{D51F2DDE-9957-4A8F-9662-0861EC6B94AD}.Debug|Any CPU.ActiveCfg = Debug|Any CPU
		{D51F2DDE-9957-4A8F-9662-0861EC6B94AD}.Debug|Any CPU.Build.0 = Debug|Any CPU
		{D51F2DDE-9957-4A8F-9662-0861EC6B94AD}.Debug|x64.ActiveCfg = Debug|Any CPU
		{D51F2DDE-9957-4A8F-9662-0861EC6B94AD}.Debug|x64.Build.0 = Debug|Any CPU
		{D51F2DDE-9957-4A8F-9662-0861EC6B94AD}.Debug|x86.ActiveCfg = Debug|Any CPU
		{D51F2DDE-9957-4A8F-9662-0861EC6B94AD}.Debug|x86.Build.0 = Debug|Any CPU
		{D51F2DDE-9957-4A8F-9662-0861EC6B94AD}.Release|Any CPU.ActiveCfg = Release|Any CPU
		{D51F2DDE-9957-4A8F-9662-0861EC6B94AD}.Release|Any CPU.Build.0 = Release|Any CPU
		{D51F2DDE-9957-4A8F-9662-0861EC6B94AD}.Release|x64.ActiveCfg = Release|Any CPU
		{D51F2DDE-9957-4A8F-9662-0861EC6B94AD}.Release|x64.Build.0 = Release|Any CPU
		{D51F2DDE-9957-4A8F-9662-0861EC6B94AD}.Release|x86.ActiveCfg = Release|Any CPU
		{D51F2DDE-9957-4A8F-9662-0861EC6B94AD}.Release|x86.Build.0 = Release|Any CPU
		{1283E807-1027-40D1-9F88-90F62B98E9EF}.Debug|Any CPU.ActiveCfg = Debug|Any CPU
		{1283E807-1027-40D1-9F88-90F62B98E9EF}.Debug|Any CPU.Build.0 = Debug|Any CPU
		{1283E807-1027-40D1-9F88-90F62B98E9EF}.Debug|x64.ActiveCfg = Debug|Any CPU
		{1283E807-1027-40D1-9F88-90F62B98E9EF}.Debug|x64.Build.0 = Debug|Any CPU
		{1283E807-1027-40D1-9F88-90F62B98E9EF}.Debug|x86.ActiveCfg = Debug|Any CPU
		{1283E807-1027-40D1-9F88-90F62B98E9EF}.Debug|x86.Build.0 = Debug|Any CPU
		{1283E807-1027-40D1-9F88-90F62B98E9EF}.Release|Any CPU.ActiveCfg = Release|Any CPU
		{1283E807-1027-40D1-9F88-90F62B98E9EF}.Release|Any CPU.Build.0 = Release|Any CPU
		{1283E807-1027-40D1-9F88-90F62B98E9EF}.Release|x64.ActiveCfg = Release|Any CPU
		{1283E807-1027-40D1-9F88-90F62B98E9EF}.Release|x64.Build.0 = Release|Any CPU
		{1283E807-1027-40D1-9F88-90F62B98E9EF}.Release|x86.ActiveCfg = Release|Any CPU
		{1283E807-1027-40D1-9F88-90F62B98E9EF}.Release|x86.Build.0 = Release|Any CPU
		{A85DA05E-D366-46AB-9871-DED7D45195C6}.Debug|Any CPU.ActiveCfg = Debug|Any CPU
		{A85DA05E-D366-46AB-9871-DED7D45195C6}.Debug|Any CPU.Build.0 = Debug|Any CPU
		{A85DA05E-D366-46AB-9871-DED7D45195C6}.Debug|x64.ActiveCfg = Debug|Any CPU
		{A85DA05E-D366-46AB-9871-DED7D45195C6}.Debug|x64.Build.0 = Debug|Any CPU
		{A85DA05E-D366-46AB-9871-DED7D45195C6}.Debug|x86.ActiveCfg = Debug|Any CPU
		{A85DA05E-D366-46AB-9871-DED7D45195C6}.Debug|x86.Build.0 = Debug|Any CPU
		{A85DA05E-D366-46AB-9871-DED7D45195C6}.Release|Any CPU.ActiveCfg = Release|Any CPU
		{A85DA05E-D366-46AB-9871-DED7D45195C6}.Release|Any CPU.Build.0 = Release|Any CPU
		{A85DA05E-D366-46AB-9871-DED7D45195C6}.Release|x64.ActiveCfg = Release|Any CPU
		{A85DA05E-D366-46AB-9871-DED7D45195C6}.Release|x64.Build.0 = Release|Any CPU
		{A85DA05E-D366-46AB-9871-DED7D45195C6}.Release|x86.ActiveCfg = Release|Any CPU
		{A85DA05E-D366-46AB-9871-DED7D45195C6}.Release|x86.Build.0 = Release|Any CPU
	EndGlobalSection
EndGlobal
